// !$*UTF8*$!
{
	archiveVersion = 1;
	classes = {
	};
	objectVersion = 48;
	objects = {

/* Begin PBXBuildFile section */
		DE7BC4CE1F788ED4009B5B28 /* AppDelegate.swift in Sources */ = {isa = PBXBuildFile; fileRef = DE7BC4CD1F788ED4009B5B28 /* AppDelegate.swift */; };
		DE7BC4D01F788ED4009B5B28 /* WelcomeVC.swift in Sources */ = {isa = PBXBuildFile; fileRef = DE7BC4CF1F788ED4009B5B28 /* WelcomeVC.swift */; };
		DE7BC4D31F788ED4009B5B28 /* Main.storyboard in Resources */ = {isa = PBXBuildFile; fileRef = DE7BC4D11F788ED4009B5B28 /* Main.storyboard */; };
		DE7BC4D61F788ED4009B5B28 /* app_swoosh.xcdatamodeld in Sources */ = {isa = PBXBuildFile; fileRef = DE7BC4D41F788ED4009B5B28 /* app_swoosh.xcdatamodeld */; };
		DE7BC4D81F788ED4009B5B28 /* Assets.xcassets in Resources */ = {isa = PBXBuildFile; fileRef = DE7BC4D71F788ED4009B5B28 /* Assets.xcassets */; };
		DE7BC4DB1F788ED4009B5B28 /* LaunchScreen.storyboard in Resources */ = {isa = PBXBuildFile; fileRef = DE7BC4D91F788ED4009B5B28 /* LaunchScreen.storyboard */; };
		DE7BC4E41F7892B5009B5B28 /* BorderButton.swift in Sources */ = {isa = PBXBuildFile; fileRef = DE7BC4E31F7892B5009B5B28 /* BorderButton.swift */; };
		DE7BC4E81F78ABB3009B5B28 /* LeagueVC.swift in Sources */ = {isa = PBXBuildFile; fileRef = DE7BC4E71F78ABB3009B5B28 /* LeagueVC.swift */; };
		DE7BC4EA1F78ABC2009B5B28 /* SkillVC.swift in Sources */ = {isa = PBXBuildFile; fileRef = DE7BC4E91F78ABC2009B5B28 /* SkillVC.swift */; };
		DE7D7CE21F79EDE800F1C581 /* Player.swift in Sources */ = {isa = PBXBuildFile; fileRef = DE7D7CE11F79EDE800F1C581 /* Player.swift */; };
/* End PBXBuildFile section */

/* Begin PBXFileReference section */
		DE7BC4CA1F788ED4009B5B28 /* app-swoosh.app */ = {isa = PBXFileReference; explicitFileType = wrapper.application; includeInIndex = 0; path = "app-swoosh.app"; sourceTree = BUILT_PRODUCTS_DIR; };
		DE7BC4CD1F788ED4009B5B28 /* AppDelegate.swift */ = {isa = PBXFileReference; lastKnownFileType = sourcecode.swift; path = AppDelegate.swift; sourceTree = "<group>"; };
		DE7BC4CF1F788ED4009B5B28 /* WelcomeVC.swift */ = {isa = PBXFileReference; lastKnownFileType = sourcecode.swift; path = WelcomeVC.swift; sourceTree = "<group>"; };
		DE7BC4D21F788ED4009B5B28 /* Base */ = {isa = PBXFileReference; lastKnownFileType = file.storyboard; name = Base; path = Base.lproj/Main.storyboard; sourceTree = "<group>"; };
		DE7BC4D51F788ED4009B5B28 /* app_swoosh.xcdatamodel */ = {isa = PBXFileReference; lastKnownFileType = wrapper.xcdatamodel; path = app_swoosh.xcdatamodel; sourceTree = "<group>"; };
		DE7BC4D71F788ED4009B5B28 /* Assets.xcassets */ = {isa = PBXFileReference; lastKnownFileType = folder.assetcatalog; path = Assets.xcassets; sourceTree = "<group>"; };
		DE7BC4DA1F788ED4009B5B28 /* Base */ = {isa = PBXFileReference; lastKnownFileType = file.storyboard; name = Base; path = Base.lproj/LaunchScreen.storyboard; sourceTree = "<group>"; };
		DE7BC4DC1F788ED4009B5B28 /* Info.plist */ = {isa = PBXFileReference; lastKnownFileType = text.plist.xml; path = Info.plist; sourceTree = "<group>"; };
		DE7BC4E31F7892B5009B5B28 /* BorderButton.swift */ = {isa = PBXFileReference; lastKnownFileType = sourcecode.swift; path = BorderButton.swift; sourceTree = "<group>"; };
		DE7BC4E71F78ABB3009B5B28 /* LeagueVC.swift */ = {isa = PBXFileReference; lastKnownFileType = sourcecode.swift; path = LeagueVC.swift; sourceTree = "<group>"; };
		DE7BC4E91F78ABC2009B5B28 /* SkillVC.swift */ = {isa = PBXFileReference; lastKnownFileType = sourcecode.swift; path = SkillVC.swift; sourceTree = "<group>"; };
		DE7D7CE11F79EDE800F1C581 /* Player.swift */ = {isa = PBXFileReference; lastKnownFileType = sourcecode.swift; path = Player.swift; sourceTree = "<group>"; };
/* End PBXFileReference section */

/* Begin PBXFrameworksBuildPhase section */
		DE7BC4C71F788ED4009B5B28 /* Frameworks */ = {
			isa = PBXFrameworksBuildPhase;
			buildActionMask = 2147483647;
			files = (
			);
			runOnlyForDeploymentPostprocessing = 0;
		};
/* End PBXFrameworksBuildPhase section */

/* Begin PBXGroup section */
		DE7BC4C11F788ED3009B5B28 = {
			isa = PBXGroup;
			children = (
				DE7BC4CC1F788ED4009B5B28 /* app-swoosh */,
				DE7BC4CB1F788ED4009B5B28 /* Products */,
			);
			sourceTree = "<group>";
		};
		DE7BC4CB1F788ED4009B5B28 /* Products */ = {
			isa = PBXGroup;
			children = (
				DE7BC4CA1F788ED4009B5B28 /* app-swoosh.app */,
			);
			name = Products;
			sourceTree = "<group>";
		};
		DE7BC4CC1F788ED4009B5B28 /* app-swoosh */ = {
			isa = PBXGroup;
			children = (
				DE7BC4E61F78AAEA009B5B28 /* Controller */,
				DE7BC4E51F78AAE5009B5B28 /* Model */,
				DE7BC4E21F789284009B5B28 /* View */,
				DE7BC4CD1F788ED4009B5B28 /* AppDelegate.swift */,
				DE7BC4D11F788ED4009B5B28 /* Main.storyboard */,
				DE7BC4D71F788ED4009B5B28 /* Assets.xcassets */,
				DE7BC4D91F788ED4009B5B28 /* LaunchScreen.storyboard */,
				DE7BC4DC1F788ED4009B5B28 /* Info.plist */,
				DE7BC4D41F788ED4009B5B28 /* app_swoosh.xcdatamodeld */,
			);
			path = "app-swoosh";
			sourceTree = "<group>";
		};
		DE7BC4E21F789284009B5B28 /* View */ = {
			isa = PBXGroup;
			children = (
				DE7BC4E31F7892B5009B5B28 /* BorderButton.swift */,
			);
			path = View;
			sourceTree = "<group>";
		};
		DE7BC4E51F78AAE5009B5B28 /* Model */ = {
			isa = PBXGroup;
			children = (
				DE7D7CE11F79EDE800F1C581 /* Player.swift */,
			);
			path = Model;
			sourceTree = "<group>";
		};
		DE7BC4E61F78AAEA009B5B28 /* Controller */ = {
			isa = PBXGroup;
			children = (
				DE7BC4CF1F788ED4009B5B28 /* WelcomeVC.swift */,
				DE7BC4E71F78ABB3009B5B28 /* LeagueVC.swift */,
				DE7BC4E91F78ABC2009B5B28 /* SkillVC.swift */,
			);
			path = Controller;
			sourceTree = "<group>";
		};
/* End PBXGroup section */

/* Begin PBXNativeTarget section */
		DE7BC4C91F788ED4009B5B28 /* app-swoosh */ = {
			isa = PBXNativeTarget;
			buildConfigurationList = DE7BC4DF1F788ED4009B5B28 /* Build configuration list for PBXNativeTarget "app-swoosh" */;
			buildPhases = (
				DE7BC4C61F788ED4009B5B28 /* Sources */,
				DE7BC4C71F788ED4009B5B28 /* Frameworks */,
				DE7BC4C81F788ED4009B5B28 /* Resources */,
			);
			buildRules = (
			);
			dependencies = (
			);
			name = "app-swoosh";
			productName = "app-swoosh";
			productReference = DE7BC4CA1F788ED4009B5B28 /* app-swoosh.app */;
			productType = "com.apple.product-type.application";
		};
/* End PBXNativeTarget section */

/* Begin PBXProject section */
		DE7BC4C21F788ED3009B5B28 /* Project object */ = {
			isa = PBXProject;
			attributes = {
				LastSwiftUpdateCheck = 0900;
				LastUpgradeCheck = 0900;
				ORGANIZATIONNAME = "Jason Shultz";
				TargetAttributes = {
					DE7BC4C91F788ED4009B5B28 = {
						CreatedOnToolsVersion = 9.0;
						ProvisioningStyle = Automatic;
					};
				};
			};
			buildConfigurationList = DE7BC4C51F788ED3009B5B28 /* Build configuration list for PBXProject "app-swoosh" */;
			compatibilityVersion = "Xcode 8.0";
			developmentRegion = en;
			hasScannedForEncodings = 0;
			knownRegions = (
				en,
				Base,
			);
			mainGroup = DE7BC4C11F788ED3009B5B28;
			productRefGroup = DE7BC4CB1F788ED4009B5B28 /* Products */;
			projectDirPath = "";
			projectRoot = "";
			targets = (
				DE7BC4C91F788ED4009B5B28 /* app-swoosh */,
			);
		};
/* End PBXProject section */

/* Begin PBXResourcesBuildPhase section */
		DE7BC4C81F788ED4009B5B28 /* Resources */ = {
			isa = PBXResourcesBuildPhase;
			buildActionMask = 2147483647;
			files = (
				DE7BC4DB1F788ED4009B5B28 /* LaunchScreen.storyboard in Resources */,
				DE7BC4D81F788ED4009B5B28 /* Assets.xcassets in Resources */,
				DE7BC4D31F788ED4009B5B28 /* Main.storyboard in Resources */,
			);
			runOnlyForDeploymentPostprocessing = 0;
		};
/* End PBXResourcesBuildPhase section */

/* Begin PBXSourcesBuildPhase section */
		DE7BC4C61F788ED4009B5B28 /* Sources */ = {
			isa = PBXSourcesBuildPhase;
			buildActionMask = 2147483647;
			files = (
				DE7BC4E81F78ABB3009B5B28 /* LeagueVC.swift in Sources */,
				DE7BC4D01F788ED4009B5B28 /* WelcomeVC.swift in Sources */,
				DE7BC4D61F788ED4009B5B28 /* app_swoosh.xcdatamodeld in Sources */,
				DE7BC4CE1F788ED4009B5B28 /* AppDelegate.swift in Sources */,
				DE7D7CE21F79EDE800F1C581 /* Player.swift in Sources */,
				DE7BC4EA1F78ABC2009B5B28 /* SkillVC.swift in Sources */,
				DE7BC4E41F7892B5009B5B28 /* BorderButton.swift in Sources */,
			);
			runOnlyForDeploymentPostprocessing = 0;
		};
/* End PBXSourcesBuildPhase section */

/* Begin PBXVariantGroup section */
		DE7BC4D11F788ED4009B5B28 /* Main.storyboard */ = {
			isa = PBXVariantGroup;
			children = (
				DE7BC4D21F788ED4009B5B28 /* Base */,
			);
			name = Main.storyboard;
			sourceTree = "<group>";
		};
		DE7BC4D91F788ED4009B5B28 /* LaunchScreen.storyboard */ = {
			isa = PBXVariantGroup;
			children = (
				DE7BC4DA1F788ED4009B5B28 /* Base */,
			);
			name = LaunchScreen.storyboard;
			sourceTree = "<group>";
		};
/* End PBXVariantGroup section */

/* Begin XCBuildConfiguration section */
		DE7BC4DD1F788ED4009B5B28 /* Debug */ = {
			isa = XCBuildConfiguration;
			buildSettings = {
				ALWAYS_SEARCH_USER_PATHS = NO;
				CLANG_ANALYZER_NONNULL = YES;
				CLANG_ANALYZER_NUMBER_OBJECT_CONVERSION = YES_AGGRESSIVE;
				CLANG_CXX_LANGUAGE_STANDARD = "gnu++14";
				CLANG_CXX_LIBRARY = "libc++";
				CLANG_ENABLE_MODULES = YES;
				CLANG_ENABLE_OBJC_ARC = YES;
				CLANG_WARN_BLOCK_CAPTURE_AUTORELEASING = YES;
				CLANG_WARN_BOOL_CONVERSION = YES;
				CLANG_WARN_COMMA = YES;
				CLANG_WARN_CONSTANT_CONVERSION = YES;
				CLANG_WARN_DIRECT_OBJC_ISA_USAGE = YES_ERROR;
				CLANG_WARN_DOCUMENTATION_COMMENTS = YES;
				CLANG_WARN_EMPTY_BODY = YES;
				CLANG_WARN_ENUM_CONVERSION = YES;
				CLANG_WARN_INFINITE_RECURSION = YES;
				CLANG_WARN_INT_CONVERSION = YES;
				CLANG_WARN_NON_LITERAL_NULL_CONVERSION = YES;
				CLANG_WARN_OBJC_LITERAL_CONVERSION = YES;
				CLANG_WARN_OBJC_ROOT_CLASS = YES_ERROR;
				CLANG_WARN_RANGE_LOOP_ANALYSIS = YES;
				CLANG_WARN_STRICT_PROTOTYPES = YES;
				CLANG_WARN_SUSPICIOUS_MOVE = YES;
				CLANG_WARN_UNGUARDED_AVAILABILITY = YES_AGGRESSIVE;
				CLANG_WARN_UNREACHABLE_CODE = YES;
				CLANG_WARN__DUPLICATE_METHOD_MATCH = YES;
				CODE_SIGN_IDENTITY = "iPhone Developer";
				COPY_PHASE_STRIP = NO;
				DEBUG_INFORMATION_FORMAT = dwarf;
				ENABLE_STRICT_OBJC_MSGSEND = YES;
				ENABLE_TESTABILITY = YES;
				GCC_C_LANGUAGE_STANDARD = gnu11;
				GCC_DYNAMIC_NO_PIC = NO;
				GCC_NO_COMMON_BLOCKS = YES;
				GCC_OPTIMIZATION_LEVEL = 0;
				GCC_PREPROCESSOR_DEFINITIONS = (
					"DEBUG=1",
					"$(inherited)",
				);
				GCC_WARN_64_TO_32_BIT_CONVERSION = YES;
				GCC_WARN_ABOUT_RETURN_TYPE = YES_ERROR;
				GCC_WARN_UNDECLARED_SELECTOR = YES;
				GCC_WARN_UNINITIALIZED_AUTOS = YES_AGGRESSIVE;
				GCC_WARN_UNUSED_FUNCTION = YES;
				GCC_WARN_UNUSED_VARIABLE = YES;
				IPHONEOS_DEPLOYMENT_TARGET = 11.0;
				MTL_ENABLE_DEBUG_INFO = YES;
				ONLY_ACTIVE_ARCH = YES;
				SDKROOT = iphoneos;
				SWIFT_ACTIVE_COMPILATION_CONDITIONS = DEBUG;
				SWIFT_OPTIMIZATION_LEVEL = "-Onone";
			};
			name = Debug;
		};
		DE7BC4DE1F788ED4009B5B28 /* Release */ = {
			isa = XCBuildConfiguration;
			buildSettings = {
				ALWAYS_SEARCH_USER_PATHS = NO;
				CLANG_ANALYZER_NONNULL = YES;
				CLANG_ANALYZER_NUMBER_OBJECT_CONVERSION = YES_AGGRESSIVE;
				CLANG_CXX_LANGUAGE_STANDARD = "gnu++14";
				CLANG_CXX_LIBRARY = "libc++";
				CLANG_ENABLE_MODULES = YES;
				CLANG_ENABLE_OBJC_ARC = YES;
				CLANG_WARN_BLOCK_CAPTURE_AUTORELEASING = YES;
				CLANG_WARN_BOOL_CONVERSION = YES;
				CLANG_WARN_COMMA = YES;
				CLANG_WARN_CONSTANT_CONVERSION = YES;
				CLANG_WARN_DIRECT_OBJC_ISA_USAGE = YES_ERROR;
				CLANG_WARN_DOCUMENTATION_COMMENTS = YES;
				CLANG_WARN_EMPTY_BODY = YES;
				CLANG_WARN_ENUM_CONVERSION = YES;
				CLANG_WARN_INFINITE_RECURSION = YES;
				CLANG_WARN_INT_CONVERSION = YES;
				CLANG_WARN_NON_LITERAL_NULL_CONVERSION = YES;
				CLANG_WARN_OBJC_LITERAL_CONVERSION = YES;
				CLANG_WARN_OBJC_ROOT_CLASS = YES_ERROR;
				CLANG_WARN_RANGE_LOOP_ANALYSIS = YES;
				CLANG_WARN_STRICT_PROTOTYPES = YES;
				CLANG_WARN_SUSPICIOUS_MOVE = YES;
				CLANG_WARN_UNGUARDED_AVAILABILITY = YES_AGGRESSIVE;
				CLANG_WARN_UNREACHABLE_CODE = YES;
				CLANG_WARN__DUPLICATE_METHOD_MATCH = YES;
				CODE_SIGN_IDENTITY = "iPhone Developer";
				COPY_PHASE_STRIP = NO;
				DEBUG_INFORMATION_FORMAT = "dwarf-with-dsym";
				ENABLE_NS_ASSERTIONS = NO;
				ENABLE_STRICT_OBJC_MSGSEND = YES;
				GCC_C_LANGUAGE_STANDARD = gnu11;
				GCC_NO_COMMON_BLOCKS = YES;
				GCC_WARN_64_TO_32_BIT_CONVERSION = YES;
				GCC_WARN_ABOUT_RETURN_TYPE = YES_ERROR;
				GCC_WARN_UNDECLARED_SELECTOR = YES;
				GCC_WARN_UNINITIALIZED_AUTOS = YES_AGGRESSIVE;
				GCC_WARN_UNUSED_FUNCTION = YES;
				GCC_WARN_UNUSED_VARIABLE = YES;
				IPHONEOS_DEPLOYMENT_TARGET = 11.0;
				MTL_ENABLE_DEBUG_INFO = NO;
				SDKROOT = iphoneos;
				SWIFT_OPTIMIZATION_LEVEL = "-Owholemodule";
				VALIDATE_PRODUCT = YES;
			};
			name = Release;
		};
		DE7BC4E01F788ED4009B5B28 /* Debug */ = {
			isa = XCBuildConfiguration;
			buildSettings = {
				ASSETCATALOG_COMPILER_APPICON_NAME = AppIcon;
				CODE_SIGN_STYLE = Automatic;
				INFOPLIST_FILE = "app-swoosh/Info.plist";
				LD_RUNPATH_SEARCH_PATHS = "$(inherited) @executable_path/Frameworks";
				PRODUCT_BUNDLE_IDENTIFIER = "com.chaoselevators.app-swoosh";
				PRODUCT_NAME = "$(TARGET_NAME)";
				SWIFT_VERSION = 4.0;
				TARGETED_DEVICE_FAMILY = "1,2";
			};
			name = Debug;
		};
		DE7BC4E11F788ED4009B5B28 /* Release */ = {
			isa = XCBuildConfiguration;
			buildSettings = {
				ASSETCATALOG_COMPILER_APPICON_NAME = AppIcon;
				CODE_SIGN_STYLE = Automatic;
				INFOPLIST_FILE = "app-swoosh/Info.plist";
				LD_RUNPATH_SEARCH_PATHS = "$(inherited) @executable_path/Frameworks";
				PRODUCT_BUNDLE_IDENTIFIER = "com.chaoselevators.app-swoosh";
				PRODUCT_NAME = "$(TARGET_NAME)";
				SWIFT_VERSION = 4.0;
				TARGETED_DEVICE_FAMILY = "1,2";
			};
			name = Release;
		};
/* End XCBuildConfiguration section */

/* Begin XCConfigurationList section */
		DE7BC4C51F788ED3009B5B28 /* Build configuration list for PBXProject "app-swoosh" */ = {
			isa = XCConfigurationList;
			buildConfigurations = (
				DE7BC4DD1F788ED4009B5B28 /* Debug */,
				DE7BC4DE1F788ED4009B5B28 /* Release */,
			);
			defaultConfigurationIsVisible = 0;
			defaultConfigurationName = Release;
		};
		DE7BC4DF1F788ED4009B5B28 /* Build configuration list for PBXNativeTarget "app-swoosh" */ = {
			isa = XCConfigurationList;
			buildConfigurations = (
				DE7BC4E01F788ED4009B5B28 /* Debug */,
				DE7BC4E11F788ED4009B5B28 /* Release */,
			);
			defaultConfigurationIsVisible = 0;
			defaultConfigurationName = Release;
		};
/* End XCConfigurationList section */

/* Begin XCVersionGroup section */
		DE7BC4D41F788ED4009B5B28 /* app_swoosh.xcdatamodeld */ = {
			isa = XCVersionGroup;
			children = (
				DE7BC4D51F788ED4009B5B28 /* app_swoosh.xcdatamodel */,
			);
			currentVersion = DE7BC4D51F788ED4009B5B28 /* app_swoosh.xcdatamodel */;
			path = app_swoosh.xcdatamodeld;
			sourceTree = "<group>";
			versionGroupType = wrapper.xcdatamodel;
		};
/* End XCVersionGroup section */
	};
	rootObject = DE7BC4C21F788ED3009B5B28 /* Project object */;
}
